
Microsoft Visual Studio Solution File, Format Version 12.00
# Visual Studio Version 17
VisualStudioVersion = 17.9.34607.119
MinimumVisualStudioVersion = 10.0.40219.1
Project("{FAE04EC0-301F-11D3-BF4B-00C04F79EFBC}") = "Lottery_assessment", "Lottery_assessment\Lottery_assessment.csproj", "{64C0AE05-15D4-456B-92B2-7670DB2C5A75}"
EndProject
Global
	GlobalSection(SolutionConfigurationPlatforms) = preSolution
		Debug|Any CPU = Debug|Any CPU
		Release|Any CPU = Release|Any CPU
	EndGlobalSection
	GlobalSection(ProjectConfigurationPlatforms) = postSolution
		{64C0AE05-15D4-456B-92B2-7670DB2C5A75}.Debug|Any CPU.ActiveCfg = Debug|Any CPU
		{64C0AE05-15D4-456B-92B2-7670DB2C5A75}.Debug|Any CPU.Build.0 = Debug|Any CPU
		{64C0AE05-15D4-456B-92B2-7670DB2C5A75}.Release|Any CPU.ActiveCfg = Release|Any CPU
		{64C0AE05-15D4-456B-92B2-7670DB2C5A75}.Release|Any CPU.Build.0 = Release|Any CPU
	EndGlobalSection
	GlobalSection(SolutionProperties) = preSolution
		HideSolutionNode = FALSE
	EndGlobalSection
	GlobalSection(ExtensibilityGlobals) = postSolution
		SolutionGuid = {86EE835C-095E-4E85-B654-BC9E0851F5B6}
	EndGlobalSection
EndGlobal
